// !$*UTF8*$!
{
	archiveVersion = 1;
	classes = {
	};
	objectVersion = 77;
	objects = {

/* Begin PBXContainerItemProxy section */
		604DAB6C2CC33CA600644BA9 /* PBXContainerItemProxy */ = {
			isa = PBXContainerItemProxy;
			containerPortal = 604DAB532CC33CA400644BA9 /* Project object */;
			proxyType = 1;
			remoteGlobalIDString = 604DAB5A2CC33CA400644BA9;
			remoteInfo = SwiftDay8Basics;
		};
		604DAB762CC33CA600644BA9 /* PBXContainerItemProxy */ = {
			isa = PBXContainerItemProxy;
			containerPortal = 604DAB532CC33CA400644BA9 /* Project object */;
			proxyType = 1;
			remoteGlobalIDString = 604DAB5A2CC33CA400644BA9;
			remoteInfo = SwiftDay8Basics;
		};
/* End PBXContainerItemProxy section */

/* Begin PBXFileReference section */
		604DAB5B2CC33CA400644BA9 /* SwiftDay8Basics.app */ = {isa = PBXFileReference; explicitFileType = wrapper.application; includeInIndex = 0; path = SwiftDay8Basics.app; sourceTree = BUILT_PRODUCTS_DIR; };
		604DAB6B2CC33CA600644BA9 /* SwiftDay8BasicsTests.xctest */ = {isa = PBXFileReference; explicitFileType = wrapper.cfbundle; includeInIndex = 0; path = SwiftDay8BasicsTests.xctest; sourceTree = BUILT_PRODUCTS_DIR; };
		604DAB752CC33CA600644BA9 /* SwiftDay8BasicsUITests.xctest */ = {isa = PBXFileReference; explicitFileType = wrapper.cfbundle; includeInIndex = 0; path = SwiftDay8BasicsUITests.xctest; sourceTree = BUILT_PRODUCTS_DIR; };
/* End PBXFileReference section */

/* Begin PBXFileSystemSynchronizedRootGroup section */
		604DAB5D2CC33CA400644BA9 /* SwiftDay8Basics */ = {
			isa = PBXFileSystemSynchronizedRootGroup;
			path = SwiftDay8Basics;
			sourceTree = "<group>";
		};
		604DAB6E2CC33CA600644BA9 /* SwiftDay8BasicsTests */ = {
			isa = PBXFileSystemSynchronizedRootGroup;
			path = SwiftDay8BasicsTests;
			sourceTree = "<group>";
		};
		604DAB782CC33CA600644BA9 /* SwiftDay8BasicsUITests */ = {
			isa = PBXFileSystemSynchronizedRootGroup;
			path = SwiftDay8BasicsUITests;
			sourceTree = "<group>";
		};
/* End PBXFileSystemSynchronizedRootGroup section */

/* Begin PBXFrameworksBuildPhase section */
		604DAB582CC33CA400644BA9 /* Frameworks */ = {
			isa = PBXFrameworksBuildPhase;
			buildActionMask = 2147483647;
			files = (
			);
			runOnlyForDeploymentPostprocessing = 0;
		};
		604DAB682CC33CA600644BA9 /* Frameworks */ = {
			isa = PBXFrameworksBuildPhase;
			buildActionMask = 2147483647;
			files = (
			);
			runOnlyForDeploymentPostprocessing = 0;
		};
		604DAB722CC33CA600644BA9 /* Frameworks */ = {
			isa = PBXFrameworksBuildPhase;
			buildActionMask = 2147483647;
			files = (
			);
			runOnlyForDeploymentPostprocessing = 0;
		};
/* End PBXFrameworksBuildPhase section */

/* Begin PBXGroup section */
		604DAB522CC33CA400644BA9 = {
			isa = PBXGroup;
			children = (
				604DAB5D2CC33CA400644BA9 /* SwiftDay8Basics */,
				604DAB6E2CC33CA600644BA9 /* SwiftDay8BasicsTests */,
				604DAB782CC33CA600644BA9 /* SwiftDay8BasicsUITests */,
				604DAB5C2CC33CA400644BA9 /* Products */,
			);
			sourceTree = "<group>";
		};
		604DAB5C2CC33CA400644BA9 /* Products */ = {
			isa = PBXGroup;
			children = (
				604DAB5B2CC33CA400644BA9 /* SwiftDay8Basics.app */,
				604DAB6B2CC33CA600644BA9 /* SwiftDay8BasicsTests.xctest */,
				604DAB752CC33CA600644BA9 /* SwiftDay8BasicsUITests.xctest */,
			);
			name = Products;
			sourceTree = "<group>";
		};
/* End PBXGroup section */

/* Begin PBXNativeTarget section */
		604DAB5A2CC33CA400644BA9 /* SwiftDay8Basics */ = {
			isa = PBXNativeTarget;
			buildConfigurationList = 604DAB7F2CC33CA600644BA9 /* Build configuration list for PBXNativeTarget "SwiftDay8Basics" */;
			buildPhases = (
				604DAB572CC33CA400644BA9 /* Sources */,
				604DAB582CC33CA400644BA9 /* Frameworks */,
				604DAB592CC33CA400644BA9 /* Resources */,
			);
			buildRules = (
			);
			dependencies = (
			);
			fileSystemSynchronizedGroups = (
				604DAB5D2CC33CA400644BA9 /* SwiftDay8Basics */,
			);
			name = SwiftDay8Basics;
			packageProductDependencies = (
			);
			productName = SwiftDay8Basics;
			productReference = 604DAB5B2CC33CA400644BA9 /* SwiftDay8Basics.app */;
			productType = "com.apple.product-type.application";
		};
		604DAB6A2CC33CA600644BA9 /* SwiftDay8BasicsTests */ = {
			isa = PBXNativeTarget;
			buildConfigurationList = 604DAB822CC33CA600644BA9 /* Build configuration list for PBXNativeTarget "SwiftDay8BasicsTests" */;
			buildPhases = (
				604DAB672CC33CA600644BA9 /* Sources */,
				604DAB682CC33CA600644BA9 /* Frameworks */,
				604DAB692CC33CA600644BA9 /* Resources */,
			);
			buildRules = (
			);
			dependencies = (
				604DAB6D2CC33CA600644BA9 /* PBXTargetDependency */,
			);
			fileSystemSynchronizedGroups = (
				604DAB6E2CC33CA600644BA9 /* SwiftDay8BasicsTests */,
			);
			name = SwiftDay8BasicsTests;
			packageProductDependencies = (
			);
			productName = SwiftDay8BasicsTests;
			productReference = 604DAB6B2CC33CA600644BA9 /* SwiftDay8BasicsTests.xctest */;
			productType = "com.apple.product-type.bundle.unit-test";
		};
		604DAB742CC33CA600644BA9 /* SwiftDay8BasicsUITests */ = {
			isa = PBXNativeTarget;
			buildConfigurationList = 604DAB852CC33CA600644BA9 /* Build configuration list for PBXNativeTarget "SwiftDay8BasicsUITests" */;
			buildPhases = (
				604DAB712CC33CA600644BA9 /* Sources */,
				604DAB722CC33CA600644BA9 /* Frameworks */,
				604DAB732CC33CA600644BA9 /* Resources */,
			);
			buildRules = (
			);
			dependencies = (
				604DAB772CC33CA600644BA9 /* PBXTargetDependency */,
			);
			fileSystemSynchronizedGroups = (
				604DAB782CC33CA600644BA9 /* SwiftDay8BasicsUITests */,
			);
			name = SwiftDay8BasicsUITests;
			packageProductDependencies = (
			);
			productName = SwiftDay8BasicsUITests;
			productReference = 604DAB752CC33CA600644BA9 /* SwiftDay8BasicsUITests.xctest */;
			productType = "com.apple.product-type.bundle.ui-testing";
		};
/* End PBXNativeTarget section */

/* Begin PBXProject section */
		604DAB532CC33CA400644BA9 /* Project object */ = {
			isa = PBXProject;
			attributes = {
				BuildIndependentTargetsInParallel = 1;
				LastSwiftUpdateCheck = 1600;
				LastUpgradeCheck = 1600;
				TargetAttributes = {
					604DAB5A2CC33CA400644BA9 = {
						CreatedOnToolsVersion = 16.0;
					};
					604DAB6A2CC33CA600644BA9 = {
						CreatedOnToolsVersion = 16.0;
						TestTargetID = 604DAB5A2CC33CA400644BA9;
					};
					604DAB742CC33CA600644BA9 = {
						CreatedOnToolsVersion = 16.0;
						TestTargetID = 604DAB5A2CC33CA400644BA9;
					};
				};
			};
			buildConfigurationList = 604DAB562CC33CA400644BA9 /* Build configuration list for PBXProject "SwiftDay8Basics" */;
			developmentRegion = en;
			hasScannedForEncodings = 0;
			knownRegions = (
				en,
				Base,
			);
			mainGroup = 604DAB522CC33CA400644BA9;
			minimizedProjectReferenceProxies = 1;
			preferredProjectObjectVersion = 77;
			productRefGroup = 604DAB5C2CC33CA400644BA9 /* Products */;
			projectDirPath = "";
			projectRoot = "";
			targets = (
				604DAB5A2CC33CA400644BA9 /* SwiftDay8Basics */,
				604DAB6A2CC33CA600644BA9 /* SwiftDay8BasicsTests */,
				604DAB742CC33CA600644BA9 /* SwiftDay8BasicsUITests */,
			);
		};
/* End PBXProject section */

/* Begin PBXResourcesBuildPhase section */
		604DAB592CC33CA400644BA9 /* Resources */ = {
			isa = PBXResourcesBuildPhase;
			buildActionMask = 2147483647;
			files = (
			);
			runOnlyForDeploymentPostprocessing = 0;
		};
		604DAB692CC33CA600644BA9 /* Resources */ = {
			isa = PBXResourcesBuildPhase;
			buildActionMask = 2147483647;
			files = (
			);
			runOnlyForDeploymentPostprocessing = 0;
		};
		604DAB732CC33CA600644BA9 /* Resources */ = {
			isa = PBXResourcesBuildPhase;
			buildActionMask = 2147483647;
			files = (
			);
			runOnlyForDeploymentPostprocessing = 0;
		};
/* End PBXResourcesBuildPhase section */

/* Begin PBXSourcesBuildPhase section */
		604DAB572CC33CA400644BA9 /* Sources */ = {
			isa = PBXSourcesBuildPhase;
			buildActionMask = 2147483647;
			files = (
			);
			runOnlyForDeploymentPostprocessing = 0;
		};
		604DAB672CC33CA600644BA9 /* Sources */ = {
			isa = PBXSourcesBuildPhase;
			buildActionMask = 2147483647;
			files = (
			);
			runOnlyForDeploymentPostprocessing = 0;
		};
		604DAB712CC33CA600644BA9 /* Sources */ = {
			isa = PBXSourcesBuildPhase;
			buildActionMask = 2147483647;
			files = (
			);
			runOnlyForDeploymentPostprocessing = 0;
		};
/* End PBXSourcesBuildPhase section */

/* Begin PBXTargetDependency section */
		604DAB6D2CC33CA600644BA9 /* PBXTargetDependency */ = {
			isa = PBXTargetDependency;
			target = 604DAB5A2CC33CA400644BA9 /* SwiftDay8Basics */;
			targetProxy = 604DAB6C2CC33CA600644BA9 /* PBXContainerItemProxy */;
		};
		604DAB772CC33CA600644BA9 /* PBXTargetDependency */ = {
			isa = PBXTargetDependency;
			target = 604DAB5A2CC33CA400644BA9 /* SwiftDay8Basics */;
			targetProxy = 604DAB762CC33CA600644BA9 /* PBXContainerItemProxy */;
		};
/* End PBXTargetDependency section */

/* Begin XCBuildConfiguration section */
		604DAB7D2CC33CA600644BA9 /* Debug */ = {
			isa = XCBuildConfiguration;
			buildSettings = {
				ALWAYS_SEARCH_USER_PATHS = NO;
				ASSETCATALOG_COMPILER_GENERATE_SWIFT_ASSET_SYMBOL_EXTENSIONS = YES;
				CLANG_ANALYZER_NONNULL = YES;
				CLANG_ANALYZER_NUMBER_OBJECT_CONVERSION = YES_AGGRESSIVE;
				CLANG_CXX_LANGUAGE_STANDARD = "gnu++20";
				CLANG_ENABLE_MODULES = YES;
				CLANG_ENABLE_OBJC_ARC = YES;
				CLANG_ENABLE_OBJC_WEAK = YES;
				CLANG_WARN_BLOCK_CAPTURE_AUTORELEASING = YES;
				CLANG_WARN_BOOL_CONVERSION = YES;
				CLANG_WARN_COMMA = YES;
				CLANG_WARN_CONSTANT_CONVERSION = YES;
				CLANG_WARN_DEPRECATED_OBJC_IMPLEMENTATIONS = YES;
				CLANG_WARN_DIRECT_OBJC_ISA_USAGE = YES_ERROR;
				CLANG_WARN_DOCUMENTATION_COMMENTS = YES;
				CLANG_WARN_EMPTY_BODY = YES;
				CLANG_WARN_ENUM_CONVERSION = YES;
				CLANG_WARN_INFINITE_RECURSION = YES;
				CLANG_WARN_INT_CONVERSION = YES;
				CLANG_WARN_NON_LITERAL_NULL_CONVERSION = YES;
				CLANG_WARN_OBJC_IMPLICIT_RETAIN_SELF = YES;
				CLANG_WARN_OBJC_LITERAL_CONVERSION = YES;
				CLANG_WARN_OBJC_ROOT_CLASS = YES_ERROR;
				CLANG_WARN_QUOTED_INCLUDE_IN_FRAMEWORK_HEADER = YES;
				CLANG_WARN_RANGE_LOOP_ANALYSIS = YES;
				CLANG_WARN_STRICT_PROTOTYPES = YES;
				CLANG_WARN_SUSPICIOUS_MOVE = YES;
				CLANG_WARN_UNGUARDED_AVAILABILITY = YES_AGGRESSIVE;
				CLANG_WARN_UNREACHABLE_CODE = YES;
				CLANG_WARN__DUPLICATE_METHOD_MATCH = YES;
				COPY_PHASE_STRIP = NO;
				DEBUG_INFORMATION_FORMAT = dwarf;
				ENABLE_STRICT_OBJC_MSGSEND = YES;
				ENABLE_TESTABILITY = YES;
				ENABLE_USER_SCRIPT_SANDBOXING = YES;
				GCC_C_LANGUAGE_STANDARD = gnu17;
				GCC_DYNAMIC_NO_PIC = NO;
				GCC_NO_COMMON_BLOCKS = YES;
				GCC_OPTIMIZATION_LEVEL = 0;
				GCC_PREPROCESSOR_DEFINITIONS = (
					"DEBUG=1",
					"$(inherited)",
				);
				GCC_WARN_64_TO_32_BIT_CONVERSION = YES;
				GCC_WARN_ABOUT_RETURN_TYPE = YES_ERROR;
				GCC_WARN_UNDECLARED_SELECTOR = YES;
				GCC_WARN_UNINITIALIZED_AUTOS = YES_AGGRESSIVE;
				GCC_WARN_UNUSED_FUNCTION = YES;
				GCC_WARN_UNUSED_VARIABLE = YES;
				IPHONEOS_DEPLOYMENT_TARGET = 18.0;
				LOCALIZATION_PREFERS_STRING_CATALOGS = YES;
				MTL_ENABLE_DEBUG_INFO = INCLUDE_SOURCE;
				MTL_FAST_MATH = YES;
				ONLY_ACTIVE_ARCH = YES;
				SDKROOT = iphoneos;
				SWIFT_ACTIVE_COMPILATION_CONDITIONS = "DEBUG $(inherited)";
				SWIFT_OPTIMIZATION_LEVEL = "-Onone";
			};
			name = Debug;
		};
		604DAB7E2CC33CA600644BA9 /* Release */ = {
			isa = XCBuildConfiguration;
			buildSettings = {
				ALWAYS_SEARCH_USER_PATHS = NO;
				ASSETCATALOG_COMPILER_GENERATE_SWIFT_ASSET_SYMBOL_EXTENSIONS = YES;
				CLANG_ANALYZER_NONNULL = YES;
				CLANG_ANALYZER_NUMBER_OBJECT_CONVERSION = YES_AGGRESSIVE;
				CLANG_CXX_LANGUAGE_STANDARD = "gnu++20";
				CLANG_ENABLE_MODULES = YES;
				CLANG_ENABLE_OBJC_ARC = YES;
				CLANG_ENABLE_OBJC_WEAK = YES;
				CLANG_WARN_BLOCK_CAPTURE_AUTORELEASING = YES;
				CLANG_WARN_BOOL_CONVERSION = YES;
				CLANG_WARN_COMMA = YES;
				CLANG_WARN_CONSTANT_CONVERSION = YES;
				CLANG_WARN_DEPRECATED_OBJC_IMPLEMENTATIONS = YES;
				CLANG_WARN_DIRECT_OBJC_ISA_USAGE = YES_ERROR;
				CLANG_WARN_DOCUMENTATION_COMMENTS = YES;
				CLANG_WARN_EMPTY_BODY = YES;
				CLANG_WARN_ENUM_CONVERSION = YES;
				CLANG_WARN_INFINITE_RECURSION = YES;
				CLANG_WARN_INT_CONVERSION = YES;
				CLANG_WARN_NON_LITERAL_NULL_CONVERSION = YES;
				CLANG_WARN_OBJC_IMPLICIT_RETAIN_SELF = YES;
				CLANG_WARN_OBJC_LITERAL_CONVERSION = YES;
				CLANG_WARN_OBJC_ROOT_CLASS = YES_ERROR;
				CLANG_WARN_QUOTED_INCLUDE_IN_FRAMEWORK_HEADER = YES;
				CLANG_WARN_RANGE_LOOP_ANALYSIS = YES;
				CLANG_WARN_STRICT_PROTOTYPES = YES;
				CLANG_WARN_SUSPICIOUS_MOVE = YES;
				CLANG_WARN_UNGUARDED_AVAILABILITY = YES_AGGRESSIVE;
				CLANG_WARN_UNREACHABLE_CODE = YES;
				CLANG_WARN__DUPLICATE_METHOD_MATCH = YES;
				COPY_PHASE_STRIP = NO;
				DEBUG_INFORMATION_FORMAT = "dwarf-with-dsym";
				ENABLE_NS_ASSERTIONS = NO;
				ENABLE_STRICT_OBJC_MSGSEND = YES;
				ENABLE_USER_SCRIPT_SANDBOXING = YES;
				GCC_C_LANGUAGE_STANDARD = gnu17;
				GCC_NO_COMMON_BLOCKS = YES;
				GCC_WARN_64_TO_32_BIT_CONVERSION = YES;
				GCC_WARN_ABOUT_RETURN_TYPE = YES_ERROR;
				GCC_WARN_UNDECLARED_SELECTOR = YES;
				GCC_WARN_UNINITIALIZED_AUTOS = YES_AGGRESSIVE;
				GCC_WARN_UNUSED_FUNCTION = YES;
				GCC_WARN_UNUSED_VARIABLE = YES;
				IPHONEOS_DEPLOYMENT_TARGET = 18.0;
				LOCALIZATION_PREFERS_STRING_CATALOGS = YES;
				MTL_ENABLE_DEBUG_INFO = NO;
				MTL_FAST_MATH = YES;
				SDKROOT = iphoneos;
				SWIFT_COMPILATION_MODE = wholemodule;
				VALIDATE_PRODUCT = YES;
			};
			name = Release;
		};
		604DAB802CC33CA600644BA9 /* Debug */ = {
			isa = XCBuildConfiguration;
			buildSettings = {
				ASSETCATALOG_COMPILER_APPICON_NAME = AppIcon;
				ASSETCATALOG_COMPILER_GLOBAL_ACCENT_COLOR_NAME = AccentColor;
				CODE_SIGN_STYLE = Automatic;
				CURRENT_PROJECT_VERSION = 1;
				DEVELOPMENT_ASSET_PATHS = "\"SwiftDay8Basics/Preview Content\"";
				ENABLE_PREVIEWS = YES;
				GENERATE_INFOPLIST_FILE = YES;
				INFOPLIST_KEY_UIApplicationSceneManifest_Generation = YES;
				INFOPLIST_KEY_UIApplicationSupportsIndirectInputEvents = YES;
				INFOPLIST_KEY_UILaunchScreen_Generation = YES;
				INFOPLIST_KEY_UISupportedInterfaceOrientations_iPad = "UIInterfaceOrientationPortrait UIInterfaceOrientationPortraitUpsideDown UIInterfaceOrientationLandscapeLeft UIInterfaceOrientationLandscapeRight";
				INFOPLIST_KEY_UISupportedInterfaceOrientations_iPhone = "UIInterfaceOrientationPortrait UIInterfaceOrientationLandscapeLeft UIInterfaceOrientationLandscapeRight";
				LD_RUNPATH_SEARCH_PATHS = (
					"$(inherited)",
					"@executable_path/Frameworks",
				);
				MARKETING_VERSION = 1.0;
				PRODUCT_BUNDLE_IDENTIFIER = bibek.SwiftDay8Basics;
				PRODUCT_NAME = "$(TARGET_NAME)";
				SWIFT_EMIT_LOC_STRINGS = YES;
				SWIFT_VERSION = 5.0;
				TARGETED_DEVICE_FAMILY = "1,2";
			};
			name = Debug;
		};
		604DAB812CC33CA600644BA9 /* Release */ = {
			isa = XCBuildConfiguration;
			buildSettings = {
				ASSETCATALOG_COMPILER_APPICON_NAME = AppIcon;
				ASSETCATALOG_COMPILER_GLOBAL_ACCENT_COLOR_NAME = AccentColor;
				CODE_SIGN_STYLE = Automatic;
				CURRENT_PROJECT_VERSION = 1;
				DEVELOPMENT_ASSET_PATHS = "\"SwiftDay8Basics/Preview Content\"";
				ENABLE_PREVIEWS = YES;
				GENERATE_INFOPLIST_FILE = YES;
				INFOPLIST_KEY_UIApplicationSceneManifest_Generation = YES;
				INFOPLIST_KEY_UIApplicationSupportsIndirectInputEvents = YES;
				INFOPLIST_KEY_UILaunchScreen_Generation = YES;
				INFOPLIST_KEY_UISupportedInterfaceOrientations_iPad = "UIInterfaceOrientationPortrait UIInterfaceOrientationPortraitUpsideDown UIInterfaceOrientationLandscapeLeft UIInterfaceOrientationLandscapeRight";
				INFOPLIST_KEY_UISupportedInterfaceOrientations_iPhone = "UIInterfaceOrientationPortrait UIInterfaceOrientationLandscapeLeft UIInterfaceOrientationLandscapeRight";
				LD_RUNPATH_SEARCH_PATHS = (
					"$(inherited)",
					"@executable_path/Frameworks",
				);
				MARKETING_VERSION = 1.0;
				PRODUCT_BUNDLE_IDENTIFIER = bibek.SwiftDay8Basics;
				PRODUCT_NAME = "$(TARGET_NAME)";
				SWIFT_EMIT_LOC_STRINGS = YES;
				SWIFT_VERSION = 5.0;
				TARGETED_DEVICE_FAMILY = "1,2";
			};
			name = Release;
		};
		604DAB832CC33CA600644BA9 /* Debug */ = {
			isa = XCBuildConfiguration;
			buildSettings = {
				BUNDLE_LOADER = "$(TEST_HOST)";
				CODE_SIGN_STYLE = Automatic;
				CURRENT_PROJECT_VERSION = 1;
				GENERATE_INFOPLIST_FILE = YES;
				IPHONEOS_DEPLOYMENT_TARGET = 18.0;
				MARKETING_VERSION = 1.0;
				PRODUCT_BUNDLE_IDENTIFIER = bibek.SwiftDay8BasicsTests;
				PRODUCT_NAME = "$(TARGET_NAME)";
				SWIFT_EMIT_LOC_STRINGS = NO;
				SWIFT_VERSION = 5.0;
				TARGETED_DEVICE_FAMILY = "1,2";
				TEST_HOST = "$(BUILT_PRODUCTS_DIR)/SwiftDay8Basics.app/$(BUNDLE_EXECUTABLE_FOLDER_PATH)/SwiftDay8Basics";
			};
			name = Debug;
		};
		604DAB842CC33CA600644BA9 /* Release */ = {
			isa = XCBuildConfiguration;
			buildSettings = {
				BUNDLE_LOADER = "$(TEST_HOST)";
				CODE_SIGN_STYLE = Automatic;
				CURRENT_PROJECT_VERSION = 1;
				GENERATE_INFOPLIST_FILE = YES;
				IPHONEOS_DEPLOYMENT_TARGET = 18.0;
				MARKETING_VERSION = 1.0;
				PRODUCT_BUNDLE_IDENTIFIER = bibek.SwiftDay8BasicsTests;
				PRODUCT_NAME = "$(TARGET_NAME)";
				SWIFT_EMIT_LOC_STRINGS = NO;
				SWIFT_VERSION = 5.0;
				TARGETED_DEVICE_FAMILY = "1,2";
				TEST_HOST = "$(BUILT_PRODUCTS_DIR)/SwiftDay8Basics.app/$(BUNDLE_EXECUTABLE_FOLDER_PATH)/SwiftDay8Basics";
			};
			name = Release;
		};
		604DAB862CC33CA600644BA9 /* Debug */ = {
			isa = XCBuildConfiguration;
			buildSettings = {
				CODE_SIGN_STYLE = Automatic;
				CURRENT_PROJECT_VERSION = 1;
				GENERATE_INFOPLIST_FILE = YES;
				MARKETING_VERSION = 1.0;
				PRODUCT_BUNDLE_IDENTIFIER = bibek.SwiftDay8BasicsUITests;
				PRODUCT_NAME = "$(TARGET_NAME)";
				SWIFT_EMIT_LOC_STRINGS = NO;
				SWIFT_VERSION = 5.0;
				TARGETED_DEVICE_FAMILY = "1,2";
				TEST_TARGET_NAME = SwiftDay8Basics;
			};
			name = Debug;
		};
		604DAB872CC33CA600644BA9 /* Release */ = {
			isa = XCBuildConfiguration;
			buildSettings = {
				CODE_SIGN_STYLE = Automatic;
				CURRENT_PROJECT_VERSION = 1;
				GENERATE_INFOPLIST_FILE = YES;
				MARKETING_VERSION = 1.0;
				PRODUCT_BUNDLE_IDENTIFIER = bibek.SwiftDay8BasicsUITests;
				PRODUCT_NAME = "$(TARGET_NAME)";
				SWIFT_EMIT_LOC_STRINGS = NO;
				SWIFT_VERSION = 5.0;
				TARGETED_DEVICE_FAMILY = "1,2";
				TEST_TARGET_NAME = SwiftDay8Basics;
			};
			name = Release;
		};
/* End XCBuildConfiguration section */

/* Begin XCConfigurationList section */
		604DAB562CC33CA400644BA9 /* Build configuration list for PBXProject "SwiftDay8Basics" */ = {
			isa = XCConfigurationList;
			buildConfigurations = (
				604DAB7D2CC33CA600644BA9 /* Debug */,
				604DAB7E2CC33CA600644BA9 /* Release */,
			);
			defaultConfigurationIsVisible = 0;
			defaultConfigurationName = Release;
		};
		604DAB7F2CC33CA600644BA9 /* Build configuration list for PBXNativeTarget "SwiftDay8Basics" */ = {
			isa = XCConfigurationList;
			buildConfigurations = (
				604DAB802CC33CA600644BA9 /* Debug */,
				604DAB812CC33CA600644BA9 /* Release */,
			);
			defaultConfigurationIsVisible = 0;
			defaultConfigurationName = Release;
		};
		604DAB822CC33CA600644BA9 /* Build configuration list for PBXNativeTarget "SwiftDay8BasicsTests" */ = {
			isa = XCConfigurationList;
			buildConfigurations = (
				604DAB832CC33CA600644BA9 /* Debug */,
				604DAB842CC33CA600644BA9 /* Release */,
			);
			defaultConfigurationIsVisible = 0;
			defaultConfigurationName = Release;
		};
		604DAB852CC33CA600644BA9 /* Build configuration list for PBXNativeTarget "SwiftDay8BasicsUITests" */ = {
			isa = XCConfigurationList;
			buildConfigurations = (
				604DAB862CC33CA600644BA9 /* Debug */,
				604DAB872CC33CA600644BA9 /* Release */,
			);
			defaultConfigurationIsVisible = 0;
			defaultConfigurationName = Release;
		};
/* End XCConfigurationList section */
	};
	rootObject = 604DAB532CC33CA400644BA9 /* Project object */;
}
